
Microsoft Visual Studio Solution File, Format Version 12.00
# Visual Studio Version 16
VisualStudioVersion = 16.0.32002.261
MinimumVisualStudioVersion = 10.0.40219.1
Project("{FAE04EC0-301F-11D3-BF4B-00C04F79EFBC}") = "CursoCSharp", "CursoCSharp\CursoCSharp.csproj", "{444B3BA6-8ED2-4B1D-BFA1-D0B26D52A9BC}"
EndProject
Global
	GlobalSection(SolutionConfigurationPlatforms) = preSolution
		Debug|Any CPU = Debug|Any CPU
		Release|Any CPU = Release|Any CPU
	EndGlobalSection
	GlobalSection(ProjectConfigurationPlatforms) = postSolution
		{444B3BA6-8ED2-4B1D-BFA1-D0B26D52A9BC}.Debug|Any CPU.ActiveCfg = Debug|Any CPU
		{444B3BA6-8ED2-4B1D-BFA1-D0B26D52A9BC}.Debug|Any CPU.Build.0 = Debug|Any CPU
		{444B3BA6-8ED2-4B1D-BFA1-D0B26D52A9BC}.Release|Any CPU.ActiveCfg = Release|Any CPU
		{444B3BA6-8ED2-4B1D-BFA1-D0B26D52A9BC}.Release|Any CPU.Build.0 = Release|Any CPU
	EndGlobalSection
	GlobalSection(SolutionProperties) = preSolution
		HideSolutionNode = FALSE
	EndGlobalSection
	GlobalSection(ExtensibilityGlobals) = postSolution
		SolutionGuid = {EB7D1F1B-5B45-44C5-8E3D-E70A245E02B2}
	EndGlobalSection
EndGlobal
